
Microsoft Visual Studio Solution File, Format Version 12.00
# Visual Studio Version 16
VisualStudioVersion = 16.0.30517.126
MinimumVisualStudioVersion = 10.0.40219.1
Project("{8BC9CEB8-8B4A-11D0-8D11-00A0C91BC942}") = "FirstProgram", "FirstProgram\FirstProgram.vcxproj", "{8E465A54-6FA7-4616-884D-FA0D74CAC288}"
EndProject
Project("{8BC9CEB8-8B4A-11D0-8D11-00A0C91BC942}") = "FirstStructure", "FirstStructure\FirstStructure.vcxproj", "{80FDE424-517C-48BC-8DDE-5091B1E373DE}"
EndProject
Project("{8BC9CEB8-8B4A-11D0-8D11-00A0C91BC942}") = "FirstPointer", "FirstPointer\FirstPointer.vcxproj", "{72E8808C-93A0-4137-9A4C-22D5CF754CA4}"
EndProject
Project("{8BC9CEB8-8B4A-11D0-8D11-00A0C91BC942}") = "DynamicMemory", "DynamicMemory\DynamicMemory.vcxproj", "{DA78368B-9653-4DB7-8254-A8E76090FD43}"
EndProject
Project("{8BC9CEB8-8B4A-11D0-8D11-00A0C91BC942}") = "ArrayDynamicMemory", "ArrayDynamicMemory\ArrayDynamicMemory.vcxproj", "{11D758D6-8CD3-48F8-B7B5-18E108E814D2}"
EndProject
Global
	GlobalSection(SolutionConfigurationPlatforms) = preSolution
		Debug|x64 = Debug|x64
		Debug|x86 = Debug|x86
		Release|x64 = Release|x64
		Release|x86 = Release|x86
	EndGlobalSection
	GlobalSection(ProjectConfigurationPlatforms) = postSolution
		{8E465A54-6FA7-4616-884D-FA0D74CAC288}.Debug|x64.ActiveCfg = Debug|x64
		{8E465A54-6FA7-4616-884D-FA0D74CAC288}.Debug|x64.Build.0 = Debug|x64
		{8E465A54-6FA7-4616-884D-FA0D74CAC288}.Debug|x86.ActiveCfg = Debug|Win32
		{8E465A54-6FA7-4616-884D-FA0D74CAC288}.Debug|x86.Build.0 = Debug|Win32
		{8E465A54-6FA7-4616-884D-FA0D74CAC288}.Release|x64.ActiveCfg = Release|x64
		{8E465A54-6FA7-4616-884D-FA0D74CAC288}.Release|x64.Build.0 = Release|x64
		{8E465A54-6FA7-4616-884D-FA0D74CAC288}.Release|x86.ActiveCfg = Release|Win32
		{8E465A54-6FA7-4616-884D-FA0D74CAC288}.Release|x86.Build.0 = Release|Win32
		{80FDE424-517C-48BC-8DDE-5091B1E373DE}.Debug|x64.ActiveCfg = Debug|x64
		{80FDE424-517C-48BC-8DDE-5091B1E373DE}.Debug|x64.Build.0 = Debug|x64
		{80FDE424-517C-48BC-8DDE-5091B1E373DE}.Debug|x86.ActiveCfg = Debug|Win32
		{80FDE424-517C-48BC-8DDE-5091B1E373DE}.Debug|x86.Build.0 = Debug|Win32
		{80FDE424-517C-48BC-8DDE-5091B1E373DE}.Release|x64.ActiveCfg = Release|x64
		{80FDE424-517C-48BC-8DDE-5091B1E373DE}.Release|x64.Build.0 = Release|x64
		{80FDE424-517C-48BC-8DDE-5091B1E373DE}.Release|x86.ActiveCfg = Release|Win32
		{80FDE424-517C-48BC-8DDE-5091B1E373DE}.Release|x86.Build.0 = Release|Win32
		{72E8808C-93A0-4137-9A4C-22D5CF754CA4}.Debug|x64.ActiveCfg = Debug|x64
		{72E8808C-93A0-4137-9A4C-22D5CF754CA4}.Debug|x64.Build.0 = Debug|x64
		{72E8808C-93A0-4137-9A4C-22D5CF754CA4}.Debug|x86.ActiveCfg = Debug|Win32
		{72E8808C-93A0-4137-9A4C-22D5CF754CA4}.Debug|x86.Build.0 = Debug|Win32
		{72E8808C-93A0-4137-9A4C-22D5CF754CA4}.Release|x64.ActiveCfg = Release|x64
		{72E8808C-93A0-4137-9A4C-22D5CF754CA4}.Release|x64.Build.0 = Release|x64
		{72E8808C-93A0-4137-9A4C-22D5CF754CA4}.Release|x86.ActiveCfg = Release|Win32
		{72E8808C-93A0-4137-9A4C-22D5CF754CA4}.Release|x86.Build.0 = Release|Win32
		{DA78368B-9653-4DB7-8254-A8E76090FD43}.Debug|x64.ActiveCfg = Debug|x64
		{DA78368B-9653-4DB7-8254-A8E76090FD43}.Debug|x64.Build.0 = Debug|x64
		{DA78368B-9653-4DB7-8254-A8E76090FD43}.Debug|x86.ActiveCfg = Debug|Win32
		{DA78368B-9653-4DB7-8254-A8E76090FD43}.Debug|x86.Build.0 = Debug|Win32
		{DA78368B-9653-4DB7-8254-A8E76090FD43}.Release|x64.ActiveCfg = Release|x64
		{DA78368B-9653-4DB7-8254-A8E76090FD43}.Release|x64.Build.0 = Release|x64
		{DA78368B-9653-4DB7-8254-A8E76090FD43}.Release|x86.ActiveCfg = Release|Win32
		{DA78368B-9653-4DB7-8254-A8E76090FD43}.Release|x86.Build.0 = Release|Win32
		{11D758D6-8CD3-48F8-B7B5-18E108E814D2}.Debug|x64.ActiveCfg = Debug|x64
		{11D758D6-8CD3-48F8-B7B5-18E108E814D2}.Debug|x64.Build.0 = Debug|x64
		{11D758D6-8CD3-48F8-B7B5-18E108E814D2}.Debug|x86.ActiveCfg = Debug|Win32
		{11D758D6-8CD3-48F8-B7B5-18E108E814D2}.Debug|x86.Build.0 = Debug|Win32
		{11D758D6-8CD3-48F8-B7B5-18E108E814D2}.Release|x64.ActiveCfg = Release|x64
		{11D758D6-8CD3-48F8-B7B5-18E108E814D2}.Release|x64.Build.0 = Release|x64
		{11D758D6-8CD3-48F8-B7B5-18E108E814D2}.Release|x86.ActiveCfg = Release|Win32
		{11D758D6-8CD3-48F8-B7B5-18E108E814D2}.Release|x86.Build.0 = Release|Win32
	EndGlobalSection
	GlobalSection(SolutionProperties) = preSolution
		HideSolutionNode = FALSE
	EndGlobalSection
	GlobalSection(ExtensibilityGlobals) = postSolution
		SolutionGuid = {91E33E90-2436-4E70-A1F3-612F0BCEDAC4}
	EndGlobalSection
EndGlobal
